
Microsoft Visual Studio Solution File, Format Version 12.00
# Visual Studio 2012
Project("{FAE04EC0-301F-11D3-BF4B-00C04F79EFBC}") = "PushSharp.ClientSample.WindowsPhone", "PushSharp.ClientSample.WindowsPhone\PushSharp.ClientSample.WindowsPhone.csproj", "{03FB674A-89FA-4E76-9CA0-6F3869D57336}"
EndProject
Global
	GlobalSection(SolutionConfigurationPlatforms) = preSolution
		Debug|Any CPU = Debug|Any CPU
		Release|Any CPU = Release|Any CPU
	EndGlobalSection
	GlobalSection(ProjectConfigurationPlatforms) = postSolution
		{03FB674A-89FA-4E76-9CA0-6F3869D57336}.Debug|Any CPU.ActiveCfg = Debug|Any CPU
		{03FB674A-89FA-4E76-9CA0-6F3869D57336}.Debug|Any CPU.Build.0 = Debug|Any CPU
		{03FB674A-89FA-4E76-9CA0-6F3869D57336}.Debug|Any CPU.Deploy.0 = Debug|Any CPU
		{03FB674A-89FA-4E76-9CA0-6F3869D57336}.Release|Any CPU.ActiveCfg = Release|Any CPU
		{03FB674A-89FA-4E76-9CA0-6F3869D57336}.Release|Any CPU.Build.0 = Release|Any CPU
		{03FB674A-89FA-4E76-9CA0-6F3869D57336}.Release|Any CPU.Deploy.0 = Release|Any CPU
	EndGlobalSection
	GlobalSection(SolutionProperties) = preSolution
		HideSolutionNode = FALSE
	EndGlobalSection
EndGlobal
