
Microsoft Visual Studio Solution File, Format Version 12.00
# Visual Studio 2013
VisualStudioVersion = 12.0.40629.0
MinimumVisualStudioVersion = 10.0.40219.1
Project("{2150E333-8FDC-42A3-9474-1A3956D46DE8}") = "Platforms", "Platforms", "{C09BBA3E-9CF3-4479-A4C3-3006820E2046}"
# Visual Studio 2012
Project("{FAE04EC0-301F-11D3-BF4B-00C04F79EFBC}") = "PushSharp.Core", "PushSharp.Core\PushSharp.Core.csproj", "{2B44A8DA-60BC-4577-A2D7-D9D53F164B2E}"
EndProject
Project("{FAE04EC0-301F-11D3-BF4B-00C04F79EFBC}") = "PushSharp.Tests", "PushSharp.Tests\PushSharp.Tests.csproj", "{989B7357-800E-46B9-91AF-A4CE8A55F389}"
EndProject
Project("{2150E333-8FDC-42A3-9474-1A3956D46DE8}") = "Platforms", "Platforms", "{2B7243CB-60A5-4682-802B-B7EC3DEBCF9A}"
EndProject
Project("{FAE04EC0-301F-11D3-BF4B-00C04F79EFBC}") = "PushSharp.Apple", "PushSharp.Apple\PushSharp.Apple.csproj", "{A9D99F80-FEEB-4E74-96C5-66F17103C773}"
EndProject
Project("{FAE04EC0-301F-11D3-BF4B-00C04F79EFBC}") = "PushSharp.Windows", "PushSharp.Windows\PushSharp.Windows.csproj", "{DC80552B-6730-44AA-9B74-1E036BD909C3}"
EndProject
Project("{FAE04EC0-301F-11D3-BF4B-00C04F79EFBC}") = "PushSharp.Firefox", "PushSharp.Firefox\PushSharp.Firefox.csproj", "{54A4C1F9-6571-4086-BB4B-EC202138AF00}"
EndProject
Project("{FAE04EC0-301F-11D3-BF4B-00C04F79EFBC}") = "PushSharp.Amazon", "PushSharp.Amazon\PushSharp.Amazon.csproj", "{2468C63B-C964-4FC3-9B16-13DC17CF7D11}"
EndProject
Project("{FAE04EC0-301F-11D3-BF4B-00C04F79EFBC}") = "PushSharp.Google", "PushSharp.Google\PushSharp.Google.csproj", "{94F16497-471F-433F-A99E-C455FB2D7724}"
EndProject
Project("{FAE04EC0-301F-11D3-BF4B-00C04F79EFBC}") = "PushSharp.Blackberry", "PushSharp.Blackberry\PushSharp.Blackberry.csproj", "{9F972AE9-DE47-4C26-AEE0-97E8A14F2E12}"
EndProject
Project("{2150E333-8FDC-42A3-9474-1A3956D46DE8}") = "Support Libraries", "Support Libraries", "{6449DAB1-E76A-4354-B633-CC6AC53BB757}"
EndProject
Global
	GlobalSection(SolutionConfigurationPlatforms) = preSolution
		Debug|Any CPU = Debug|Any CPU
		Release|Any CPU = Release|Any CPU
	EndGlobalSection
	GlobalSection(ProjectConfigurationPlatforms) = postSolution
		{2468C63B-C964-4FC3-9B16-13DC17CF7D11}.Debug|Any CPU.ActiveCfg = Debug|Any CPU
		{2468C63B-C964-4FC3-9B16-13DC17CF7D11}.Debug|Any CPU.Build.0 = Debug|Any CPU
		{2468C63B-C964-4FC3-9B16-13DC17CF7D11}.Release|Any CPU.ActiveCfg = Release|Any CPU
		{2468C63B-C964-4FC3-9B16-13DC17CF7D11}.Release|Any CPU.Build.0 = Release|Any CPU
		{2B44A8DA-60BC-4577-A2D7-D9D53F164B2E}.Debug|Any CPU.ActiveCfg = Debug|Any CPU
		{2B44A8DA-60BC-4577-A2D7-D9D53F164B2E}.Debug|Any CPU.Build.0 = Debug|Any CPU
		{2B44A8DA-60BC-4577-A2D7-D9D53F164B2E}.Release|Any CPU.ActiveCfg = Release|Any CPU
		{2B44A8DA-60BC-4577-A2D7-D9D53F164B2E}.Release|Any CPU.Build.0 = Release|Any CPU
		{54A4C1F9-6571-4086-BB4B-EC202138AF00}.Debug|Any CPU.ActiveCfg = Debug|Any CPU
		{54A4C1F9-6571-4086-BB4B-EC202138AF00}.Debug|Any CPU.Build.0 = Debug|Any CPU
		{54A4C1F9-6571-4086-BB4B-EC202138AF00}.Release|Any CPU.ActiveCfg = Release|Any CPU
		{54A4C1F9-6571-4086-BB4B-EC202138AF00}.Release|Any CPU.Build.0 = Release|Any CPU
		{94F16497-471F-433F-A99E-C455FB2D7724}.Debug|Any CPU.ActiveCfg = Debug|Any CPU
		{94F16497-471F-433F-A99E-C455FB2D7724}.Debug|Any CPU.Build.0 = Debug|Any CPU
		{94F16497-471F-433F-A99E-C455FB2D7724}.Release|Any CPU.ActiveCfg = Release|Any CPU
		{94F16497-471F-433F-A99E-C455FB2D7724}.Release|Any CPU.Build.0 = Release|Any CPU
		{989B7357-800E-46B9-91AF-A4CE8A55F389}.Debug|Any CPU.ActiveCfg = Debug|Any CPU
		{989B7357-800E-46B9-91AF-A4CE8A55F389}.Debug|Any CPU.Build.0 = Debug|Any CPU
		{989B7357-800E-46B9-91AF-A4CE8A55F389}.Release|Any CPU.ActiveCfg = Release|Any CPU
		{989B7357-800E-46B9-91AF-A4CE8A55F389}.Release|Any CPU.Build.0 = Release|Any CPU
		{9F972AE9-DE47-4C26-AEE0-97E8A14F2E12}.Debug|Any CPU.ActiveCfg = Debug|Any CPU
		{9F972AE9-DE47-4C26-AEE0-97E8A14F2E12}.Debug|Any CPU.Build.0 = Debug|Any CPU
		{9F972AE9-DE47-4C26-AEE0-97E8A14F2E12}.Release|Any CPU.ActiveCfg = Release|Any CPU
		{9F972AE9-DE47-4C26-AEE0-97E8A14F2E12}.Release|Any CPU.Build.0 = Release|Any CPU
		{A9D99F80-FEEB-4E74-96C5-66F17103C773}.Debug|Any CPU.ActiveCfg = Debug|Any CPU
		{A9D99F80-FEEB-4E74-96C5-66F17103C773}.Debug|Any CPU.Build.0 = Debug|Any CPU
		{A9D99F80-FEEB-4E74-96C5-66F17103C773}.Release|Any CPU.ActiveCfg = Release|Any CPU
		{A9D99F80-FEEB-4E74-96C5-66F17103C773}.Release|Any CPU.Build.0 = Release|Any CPU
		{DC80552B-6730-44AA-9B74-1E036BD909C3}.Debug|Any CPU.ActiveCfg = Debug|Any CPU
		{DC80552B-6730-44AA-9B74-1E036BD909C3}.Debug|Any CPU.Build.0 = Debug|Any CPU
		{DC80552B-6730-44AA-9B74-1E036BD909C3}.Release|Any CPU.ActiveCfg = Release|Any CPU
		{DC80552B-6730-44AA-9B74-1E036BD909C3}.Release|Any CPU.Build.0 = Release|Any CPU
	EndGlobalSection
	GlobalSection(NestedProjects) = preSolution
		{83C67156-893D-4AFF-9169-DB34771989CB} = {C09BBA3E-9CF3-4479-A4C3-3006820E2046}
		{71E27C37-FBBF-481B-934B-1F7DBDE3C5D6} = {C09BBA3E-9CF3-4479-A4C3-3006820E2046}
		{0EC3A31E-B869-4465-ABDC-90C2E3CCC17D} = {C09BBA3E-9CF3-4479-A4C3-3006820E2046}
		{9947F510-BA9A-4045-A648-BAB687D8F513} = {C09BBA3E-9CF3-4479-A4C3-3006820E2046}
		{84961658-42B9-4943-B738-ABED75EDE303} = {C09BBA3E-9CF3-4479-A4C3-3006820E2046}
		{52154303-5315-494C-A741-2F0998795DC3} = {C09BBA3E-9CF3-4479-A4C3-3006820E2046}
		{5250980B-BD11-4201-B083-AEDB8C62C471} = {C09BBA3E-9CF3-4479-A4C3-3006820E2046}
		{1B9A3A8B-3690-4435-BF9C-B557BF2713DB} = {04A9AE38-795E-4CB5-A9AD-C1FA83DC342C}
		{39313686-9B5F-4680-9D5C-373C3E2C87CF} = {295A5325-0BC1-4FA1-B13C-7577D2B582B7}
		{FF9234DF-AFEF-41DC-A3F7-112F3F3D4B99} = {C09BBA3E-9CF3-4479-A4C3-3006820E2046}
	EndGlobalSection
	GlobalSection(MonoDevelopProperties) = preSolution
		StartupItem = PushSharp.Sample\PushSharp.Sample.csproj
		{A9D99F80-FEEB-4E74-96C5-66F17103C773} = {2B7243CB-60A5-4682-802B-B7EC3DEBCF9A}
		{DC80552B-6730-44AA-9B74-1E036BD909C3} = {2B7243CB-60A5-4682-802B-B7EC3DEBCF9A}
		{54A4C1F9-6571-4086-BB4B-EC202138AF00} = {2B7243CB-60A5-4682-802B-B7EC3DEBCF9A}
		{2468C63B-C964-4FC3-9B16-13DC17CF7D11} = {2B7243CB-60A5-4682-802B-B7EC3DEBCF9A}
		{94F16497-471F-433F-A99E-C455FB2D7724} = {2B7243CB-60A5-4682-802B-B7EC3DEBCF9A}
		{9F972AE9-DE47-4C26-AEE0-97E8A14F2E12} = {2B7243CB-60A5-4682-802B-B7EC3DEBCF9A}
	EndGlobalSection
EndGlobal
