
Microsoft Visual Studio Solution File, Format Version 12.00
# Visual Studio 2012
Project("{FAE04EC0-301F-11D3-BF4B-00C04F79EFBC}") = "PushSharp.Core", "PushSharp.Common\PushSharp.Core.csproj", "{836F225F-6CD9-48DE-910C-70F8A7CF54AA}"
EndProject
Project("{2150E333-8FDC-42A3-9474-1A3956D46DE8}") = "Platforms", "Platforms", "{C09BBA3E-9CF3-4479-A4C3-3006820E2046}"
EndProject
Project("{FAE04EC0-301F-11D3-BF4B-00C04F79EFBC}") = "PushSharp.Apple", "PushSharp.Apple\PushSharp.Apple.csproj", "{83C67156-893D-4AFF-9169-DB34771989CB}"
EndProject
Project("{2150E333-8FDC-42A3-9474-1A3956D46DE8}") = "Samples", "Samples", "{04A9AE38-795E-4CB5-A9AD-C1FA83DC342C}"
EndProject
Project("{FAE04EC0-301F-11D3-BF4B-00C04F79EFBC}") = "PushSharp.Sample", "PushSharp.Sample\PushSharp.Sample.csproj", "{1B9A3A8B-3690-4435-BF9C-B557BF2713DB}"
EndProject
Project("{2150E333-8FDC-42A3-9474-1A3956D46DE8}") = "Solution Items", "Solution Items", "{8FC4739B-A355-4F92-A62F-1A1813EC52F2}"
	ProjectSection(SolutionItems) = preProject
		PushSharp-Signing.snk = PushSharp-Signing.snk
	EndProjectSection
EndProject
Project("{2150E333-8FDC-42A3-9474-1A3956D46DE8}") = ".nuget", ".nuget", "{1C75975F-3C46-443D-8CB1-3CF5841B1DC8}"
	ProjectSection(SolutionItems) = preProject
		.nuget\NuGet.Config = .nuget\NuGet.Config
		.nuget\NuGet.exe = .nuget\NuGet.exe
		.nuget\NuGet.targets = .nuget\NuGet.targets
	EndProjectSection
EndProject
Global
	GlobalSection(SolutionConfigurationPlatforms) = preSolution
		Debug|Any CPU = Debug|Any CPU
		Debug|Mixed Platforms = Debug|Mixed Platforms
		Debug|x86 = Debug|x86
		Release|Any CPU = Release|Any CPU
		Release|Mixed Platforms = Release|Mixed Platforms
		Release|x86 = Release|x86
	EndGlobalSection
	GlobalSection(ProjectConfigurationPlatforms) = postSolution
		{836F225F-6CD9-48DE-910C-70F8A7CF54AA}.Debug|Any CPU.ActiveCfg = Debug|Any CPU
		{836F225F-6CD9-48DE-910C-70F8A7CF54AA}.Debug|Any CPU.Build.0 = Debug|Any CPU
		{836F225F-6CD9-48DE-910C-70F8A7CF54AA}.Debug|Mixed Platforms.ActiveCfg = Debug|Any CPU
		{836F225F-6CD9-48DE-910C-70F8A7CF54AA}.Debug|Mixed Platforms.Build.0 = Debug|Any CPU
		{836F225F-6CD9-48DE-910C-70F8A7CF54AA}.Debug|x86.ActiveCfg = Debug|Any CPU
		{836F225F-6CD9-48DE-910C-70F8A7CF54AA}.Release|Any CPU.ActiveCfg = Release|Any CPU
		{836F225F-6CD9-48DE-910C-70F8A7CF54AA}.Release|Any CPU.Build.0 = Release|Any CPU
		{836F225F-6CD9-48DE-910C-70F8A7CF54AA}.Release|Mixed Platforms.ActiveCfg = Release|Any CPU
		{836F225F-6CD9-48DE-910C-70F8A7CF54AA}.Release|Mixed Platforms.Build.0 = Release|Any CPU
		{836F225F-6CD9-48DE-910C-70F8A7CF54AA}.Release|x86.ActiveCfg = Release|Any CPU
		{83C67156-893D-4AFF-9169-DB34771989CB}.Debug|Any CPU.ActiveCfg = Debug|Any CPU
		{83C67156-893D-4AFF-9169-DB34771989CB}.Debug|Any CPU.Build.0 = Debug|Any CPU
		{83C67156-893D-4AFF-9169-DB34771989CB}.Debug|Mixed Platforms.ActiveCfg = Debug|Any CPU
		{83C67156-893D-4AFF-9169-DB34771989CB}.Debug|Mixed Platforms.Build.0 = Debug|Any CPU
		{83C67156-893D-4AFF-9169-DB34771989CB}.Debug|x86.ActiveCfg = Debug|Any CPU
		{83C67156-893D-4AFF-9169-DB34771989CB}.Release|Any CPU.ActiveCfg = Release|Any CPU
		{83C67156-893D-4AFF-9169-DB34771989CB}.Release|Any CPU.Build.0 = Release|Any CPU
		{83C67156-893D-4AFF-9169-DB34771989CB}.Release|Mixed Platforms.ActiveCfg = Release|Any CPU
		{83C67156-893D-4AFF-9169-DB34771989CB}.Release|Mixed Platforms.Build.0 = Release|Any CPU
		{83C67156-893D-4AFF-9169-DB34771989CB}.Release|x86.ActiveCfg = Release|Any CPU
		{1B9A3A8B-3690-4435-BF9C-B557BF2713DB}.Debug|Any CPU.ActiveCfg = Debug|x86
		{1B9A3A8B-3690-4435-BF9C-B557BF2713DB}.Debug|Mixed Platforms.ActiveCfg = Debug|x86
		{1B9A3A8B-3690-4435-BF9C-B557BF2713DB}.Debug|Mixed Platforms.Build.0 = Debug|x86
		{1B9A3A8B-3690-4435-BF9C-B557BF2713DB}.Debug|x86.ActiveCfg = Debug|x86
		{1B9A3A8B-3690-4435-BF9C-B557BF2713DB}.Debug|x86.Build.0 = Debug|x86
		{1B9A3A8B-3690-4435-BF9C-B557BF2713DB}.Release|Any CPU.ActiveCfg = Release|x86
		{1B9A3A8B-3690-4435-BF9C-B557BF2713DB}.Release|Mixed Platforms.ActiveCfg = Release|x86
		{1B9A3A8B-3690-4435-BF9C-B557BF2713DB}.Release|Mixed Platforms.Build.0 = Release|x86
		{1B9A3A8B-3690-4435-BF9C-B557BF2713DB}.Release|x86.ActiveCfg = Release|x86
		{1B9A3A8B-3690-4435-BF9C-B557BF2713DB}.Release|x86.Build.0 = Release|x86
	EndGlobalSection
	GlobalSection(SolutionProperties) = preSolution
		HideSolutionNode = FALSE
	EndGlobalSection
	GlobalSection(NestedProjects) = preSolution
		{83C67156-893D-4AFF-9169-DB34771989CB} = {C09BBA3E-9CF3-4479-A4C3-3006820E2046}
		{1B9A3A8B-3690-4435-BF9C-B557BF2713DB} = {04A9AE38-795E-4CB5-A9AD-C1FA83DC342C}
	EndGlobalSection
	GlobalSection(MonoDevelopProperties) = preSolution
		StartupItem = PushSharp.Sample\PushSharp.Sample.csproj
	EndGlobalSection
EndGlobal
