
Microsoft Visual Studio Solution File, Format Version 12.00
# Visual Studio 14
VisualStudioVersion = 14.0.25420.1
MinimumVisualStudioVersion = 10.0.40219.1
Project("{FAE04EC0-301F-11D3-BF4B-00C04F79EFBC}") = "PushSharp.Core", "PushSharp.Core\PushSharp.Core.csproj", "{2B44A8DA-60BC-4577-A2D7-D9D53F164B2E}"
EndProject
Project("{FAE04EC0-301F-11D3-BF4B-00C04F79EFBC}") = "PushSharp.Tests", "PushSharp.Tests\PushSharp.Tests.csproj", "{989B7357-800E-46B9-91AF-A4CE8A55F389}"
EndProject
Project("{2150E333-8FDC-42A3-9474-1A3956D46DE8}") = "Platforms", "Platforms", "{2B7243CB-60A5-4682-802B-B7EC3DEBCF9A}"
EndProject
Project("{FAE04EC0-301F-11D3-BF4B-00C04F79EFBC}") = "PushSharp.Apple", "PushSharp.Apple\PushSharp.Apple.csproj", "{A9D99F80-FEEB-4E74-96C5-66F17103C773}"
EndProject
Project("{FAE04EC0-301F-11D3-BF4B-00C04F79EFBC}") = "PushSharp.Windows", "PushSharp.Windows\PushSharp.Windows.csproj", "{DC80552B-6730-44AA-9B74-1E036BD909C3}"
EndProject
Project("{FAE04EC0-301F-11D3-BF4B-00C04F79EFBC}") = "PushSharp.Firefox", "PushSharp.Firefox\PushSharp.Firefox.csproj", "{54A4C1F9-6571-4086-BB4B-EC202138AF00}"
EndProject
Project("{FAE04EC0-301F-11D3-BF4B-00C04F79EFBC}") = "PushSharp.Amazon", "PushSharp.Amazon\PushSharp.Amazon.csproj", "{2468C63B-C964-4FC3-9B16-13DC17CF7D11}"
EndProject
Project("{FAE04EC0-301F-11D3-BF4B-00C04F79EFBC}") = "PushSharp.Google", "PushSharp.Google\PushSharp.Google.csproj", "{94F16497-471F-433F-A99E-C455FB2D7724}"
EndProject
Project("{FAE04EC0-301F-11D3-BF4B-00C04F79EFBC}") = "PushSharp.Blackberry", "PushSharp.Blackberry\PushSharp.Blackberry.csproj", "{9F972AE9-DE47-4C26-AEE0-97E8A14F2E12}"
EndProject
Project("{2150E333-8FDC-42A3-9474-1A3956D46DE8}") = "Support Libraries", "Support Libraries", "{6449DAB1-E76A-4354-B633-CC6AC53BB757}"
EndProject
Project("{8BB2217D-0F2D-49D1-97BC-3654ED321F3B}") = "PushSharp.Core.NetStandard", "PushSharp.Core\PushSharp.Core.NetStandard.xproj", "{BD8EA9FE-E3AC-46A4-8AEC-A3C5C57E6710}"
EndProject
Project("{8BB2217D-0F2D-49D1-97BC-3654ED321F3B}") = "PushSharp.Amazon.NetStandard", "PushSharp.Amazon\PushSharp.Amazon.NetStandard.xproj", "{FE547517-3380-4056-AA20-56B1868A88FD}"
EndProject
Project("{8BB2217D-0F2D-49D1-97BC-3654ED321F3B}") = "PushSharp.Apple.NetStandard", "PushSharp.Apple\PushSharp.Apple.NetStandard.xproj", "{266B2380-F497-4BCC-81C0-FD313E73F6E7}"
EndProject
Project("{8BB2217D-0F2D-49D1-97BC-3654ED321F3B}") = "PushSharp.Blackberry.NetStandard", "PushSharp.Blackberry\PushSharp.Blackberry.NetStandard.xproj", "{C10BAD6C-5A09-42B9-AFC6-86AB5D789A5A}"
EndProject
Project("{8BB2217D-0F2D-49D1-97BC-3654ED321F3B}") = "PushSharp.Firefox.NetStandard", "PushSharp.Firefox\PushSharp.Firefox.NetStandard.xproj", "{19D90D16-4742-4507-A045-19C9EA082C94}"
EndProject
Project("{8BB2217D-0F2D-49D1-97BC-3654ED321F3B}") = "PushSharp.Google.NetStandard", "PushSharp.Google\PushSharp.Google.NetStandard.xproj", "{6FFFD2B7-1F9E-40C7-AF28-53B4E46B8ABD}"
EndProject
Project("{8BB2217D-0F2D-49D1-97BC-3654ED321F3B}") = "PushSharp.Windows.NetStandard", "PushSharp.Windows\PushSharp.Windows.NetStandard.xproj", "{A4D43006-F2A0-4A0B-8BF6-4CD2CFC6C935}"
EndProject
Global
	GlobalSection(SolutionConfigurationPlatforms) = preSolution
		Debug|Any CPU = Debug|Any CPU
		Release|Any CPU = Release|Any CPU
	EndGlobalSection
	GlobalSection(ProjectConfigurationPlatforms) = postSolution
		{2B44A8DA-60BC-4577-A2D7-D9D53F164B2E}.Debug|Any CPU.ActiveCfg = Debug|Any CPU
		{2B44A8DA-60BC-4577-A2D7-D9D53F164B2E}.Debug|Any CPU.Build.0 = Debug|Any CPU
		{2B44A8DA-60BC-4577-A2D7-D9D53F164B2E}.Release|Any CPU.ActiveCfg = Release|Any CPU
		{2B44A8DA-60BC-4577-A2D7-D9D53F164B2E}.Release|Any CPU.Build.0 = Release|Any CPU
		{989B7357-800E-46B9-91AF-A4CE8A55F389}.Debug|Any CPU.ActiveCfg = Debug|Any CPU
		{989B7357-800E-46B9-91AF-A4CE8A55F389}.Debug|Any CPU.Build.0 = Debug|Any CPU
		{989B7357-800E-46B9-91AF-A4CE8A55F389}.Release|Any CPU.ActiveCfg = Release|Any CPU
		{989B7357-800E-46B9-91AF-A4CE8A55F389}.Release|Any CPU.Build.0 = Release|Any CPU
		{A9D99F80-FEEB-4E74-96C5-66F17103C773}.Debug|Any CPU.ActiveCfg = Debug|Any CPU
		{A9D99F80-FEEB-4E74-96C5-66F17103C773}.Debug|Any CPU.Build.0 = Debug|Any CPU
		{A9D99F80-FEEB-4E74-96C5-66F17103C773}.Release|Any CPU.ActiveCfg = Release|Any CPU
		{A9D99F80-FEEB-4E74-96C5-66F17103C773}.Release|Any CPU.Build.0 = Release|Any CPU
		{DC80552B-6730-44AA-9B74-1E036BD909C3}.Debug|Any CPU.ActiveCfg = Debug|Any CPU
		{DC80552B-6730-44AA-9B74-1E036BD909C3}.Debug|Any CPU.Build.0 = Debug|Any CPU
		{DC80552B-6730-44AA-9B74-1E036BD909C3}.Release|Any CPU.ActiveCfg = Release|Any CPU
		{DC80552B-6730-44AA-9B74-1E036BD909C3}.Release|Any CPU.Build.0 = Release|Any CPU
		{54A4C1F9-6571-4086-BB4B-EC202138AF00}.Debug|Any CPU.ActiveCfg = Debug|Any CPU
		{54A4C1F9-6571-4086-BB4B-EC202138AF00}.Debug|Any CPU.Build.0 = Debug|Any CPU
		{54A4C1F9-6571-4086-BB4B-EC202138AF00}.Release|Any CPU.ActiveCfg = Release|Any CPU
		{54A4C1F9-6571-4086-BB4B-EC202138AF00}.Release|Any CPU.Build.0 = Release|Any CPU
		{2468C63B-C964-4FC3-9B16-13DC17CF7D11}.Debug|Any CPU.ActiveCfg = Debug|Any CPU
		{2468C63B-C964-4FC3-9B16-13DC17CF7D11}.Debug|Any CPU.Build.0 = Debug|Any CPU
		{2468C63B-C964-4FC3-9B16-13DC17CF7D11}.Release|Any CPU.ActiveCfg = Release|Any CPU
		{2468C63B-C964-4FC3-9B16-13DC17CF7D11}.Release|Any CPU.Build.0 = Release|Any CPU
		{94F16497-471F-433F-A99E-C455FB2D7724}.Debug|Any CPU.ActiveCfg = Debug|Any CPU
		{94F16497-471F-433F-A99E-C455FB2D7724}.Debug|Any CPU.Build.0 = Debug|Any CPU
		{94F16497-471F-433F-A99E-C455FB2D7724}.Release|Any CPU.ActiveCfg = Release|Any CPU
		{94F16497-471F-433F-A99E-C455FB2D7724}.Release|Any CPU.Build.0 = Release|Any CPU
		{9F972AE9-DE47-4C26-AEE0-97E8A14F2E12}.Debug|Any CPU.ActiveCfg = Debug|Any CPU
		{9F972AE9-DE47-4C26-AEE0-97E8A14F2E12}.Debug|Any CPU.Build.0 = Debug|Any CPU
		{9F972AE9-DE47-4C26-AEE0-97E8A14F2E12}.Release|Any CPU.ActiveCfg = Release|Any CPU
		{9F972AE9-DE47-4C26-AEE0-97E8A14F2E12}.Release|Any CPU.Build.0 = Release|Any CPU
		{BD8EA9FE-E3AC-46A4-8AEC-A3C5C57E6710}.Debug|Any CPU.ActiveCfg = Debug|Any CPU
		{BD8EA9FE-E3AC-46A4-8AEC-A3C5C57E6710}.Debug|Any CPU.Build.0 = Debug|Any CPU
		{BD8EA9FE-E3AC-46A4-8AEC-A3C5C57E6710}.Release|Any CPU.ActiveCfg = Release|Any CPU
		{BD8EA9FE-E3AC-46A4-8AEC-A3C5C57E6710}.Release|Any CPU.Build.0 = Release|Any CPU
		{FE547517-3380-4056-AA20-56B1868A88FD}.Debug|Any CPU.ActiveCfg = Debug|Any CPU
		{FE547517-3380-4056-AA20-56B1868A88FD}.Debug|Any CPU.Build.0 = Debug|Any CPU
		{FE547517-3380-4056-AA20-56B1868A88FD}.Release|Any CPU.ActiveCfg = Release|Any CPU
		{FE547517-3380-4056-AA20-56B1868A88FD}.Release|Any CPU.Build.0 = Release|Any CPU
		{266B2380-F497-4BCC-81C0-FD313E73F6E7}.Debug|Any CPU.ActiveCfg = Debug|Any CPU
		{266B2380-F497-4BCC-81C0-FD313E73F6E7}.Debug|Any CPU.Build.0 = Debug|Any CPU
		{266B2380-F497-4BCC-81C0-FD313E73F6E7}.Release|Any CPU.ActiveCfg = Release|Any CPU
		{266B2380-F497-4BCC-81C0-FD313E73F6E7}.Release|Any CPU.Build.0 = Release|Any CPU
		{C10BAD6C-5A09-42B9-AFC6-86AB5D789A5A}.Debug|Any CPU.ActiveCfg = Debug|Any CPU
		{C10BAD6C-5A09-42B9-AFC6-86AB5D789A5A}.Debug|Any CPU.Build.0 = Debug|Any CPU
		{C10BAD6C-5A09-42B9-AFC6-86AB5D789A5A}.Release|Any CPU.ActiveCfg = Release|Any CPU
		{C10BAD6C-5A09-42B9-AFC6-86AB5D789A5A}.Release|Any CPU.Build.0 = Release|Any CPU
		{19D90D16-4742-4507-A045-19C9EA082C94}.Debug|Any CPU.ActiveCfg = Debug|Any CPU
		{19D90D16-4742-4507-A045-19C9EA082C94}.Debug|Any CPU.Build.0 = Debug|Any CPU
		{19D90D16-4742-4507-A045-19C9EA082C94}.Release|Any CPU.ActiveCfg = Release|Any CPU
		{19D90D16-4742-4507-A045-19C9EA082C94}.Release|Any CPU.Build.0 = Release|Any CPU
		{6FFFD2B7-1F9E-40C7-AF28-53B4E46B8ABD}.Debug|Any CPU.ActiveCfg = Debug|Any CPU
		{6FFFD2B7-1F9E-40C7-AF28-53B4E46B8ABD}.Debug|Any CPU.Build.0 = Debug|Any CPU
		{6FFFD2B7-1F9E-40C7-AF28-53B4E46B8ABD}.Release|Any CPU.ActiveCfg = Release|Any CPU
		{6FFFD2B7-1F9E-40C7-AF28-53B4E46B8ABD}.Release|Any CPU.Build.0 = Release|Any CPU
		{A4D43006-F2A0-4A0B-8BF6-4CD2CFC6C935}.Debug|Any CPU.ActiveCfg = Debug|Any CPU
		{A4D43006-F2A0-4A0B-8BF6-4CD2CFC6C935}.Debug|Any CPU.Build.0 = Debug|Any CPU
		{A4D43006-F2A0-4A0B-8BF6-4CD2CFC6C935}.Release|Any CPU.ActiveCfg = Release|Any CPU
		{A4D43006-F2A0-4A0B-8BF6-4CD2CFC6C935}.Release|Any CPU.Build.0 = Release|Any CPU
	EndGlobalSection
	GlobalSection(SolutionProperties) = preSolution
		HideSolutionNode = FALSE
	EndGlobalSection
	GlobalSection(NestedProjects) = preSolution
		{A9D99F80-FEEB-4E74-96C5-66F17103C773} = {2B7243CB-60A5-4682-802B-B7EC3DEBCF9A}
		{DC80552B-6730-44AA-9B74-1E036BD909C3} = {2B7243CB-60A5-4682-802B-B7EC3DEBCF9A}
		{54A4C1F9-6571-4086-BB4B-EC202138AF00} = {2B7243CB-60A5-4682-802B-B7EC3DEBCF9A}
		{2468C63B-C964-4FC3-9B16-13DC17CF7D11} = {2B7243CB-60A5-4682-802B-B7EC3DEBCF9A}
		{94F16497-471F-433F-A99E-C455FB2D7724} = {2B7243CB-60A5-4682-802B-B7EC3DEBCF9A}
		{9F972AE9-DE47-4C26-AEE0-97E8A14F2E12} = {2B7243CB-60A5-4682-802B-B7EC3DEBCF9A}
		{FE547517-3380-4056-AA20-56B1868A88FD} = {2B7243CB-60A5-4682-802B-B7EC3DEBCF9A}
		{266B2380-F497-4BCC-81C0-FD313E73F6E7} = {2B7243CB-60A5-4682-802B-B7EC3DEBCF9A}
		{C10BAD6C-5A09-42B9-AFC6-86AB5D789A5A} = {2B7243CB-60A5-4682-802B-B7EC3DEBCF9A}
		{19D90D16-4742-4507-A045-19C9EA082C94} = {2B7243CB-60A5-4682-802B-B7EC3DEBCF9A}
		{6FFFD2B7-1F9E-40C7-AF28-53B4E46B8ABD} = {2B7243CB-60A5-4682-802B-B7EC3DEBCF9A}
		{A4D43006-F2A0-4A0B-8BF6-4CD2CFC6C935} = {2B7243CB-60A5-4682-802B-B7EC3DEBCF9A}
	EndGlobalSection
EndGlobal
