
Microsoft Visual Studio Solution File, Format Version 11.00
# Visual Studio 2010
Project("{FAE04EC0-301F-11D3-BF4B-00C04F79EFBC}") = "PushSharp.ClientSample.MonoForAndroid", "PushSharp.ClientSample.MonoForAndroid\PushSharp.ClientSample.MonoForAndroid.csproj", "{3F402F02-F634-4D1B-A6B0-0D70D79CF992}"
EndProject
Project("{FAE04EC0-301F-11D3-BF4B-00C04F79EFBC}") = "PushSharp.Client.MonoForAndroid", "..\..\PushSharp.Client\PushSharp.Client.MonoForAndroid\PushSharp.Client.MonoForAndroid.csproj", "{887745C1-B5C2-4BA7-9473-0617C1E5378B}"
EndProject
Global
	GlobalSection(SolutionConfigurationPlatforms) = preSolution
		Debug|Any CPU = Debug|Any CPU
		Release|Any CPU = Release|Any CPU
	EndGlobalSection
	GlobalSection(ProjectConfigurationPlatforms) = postSolution
		{3F402F02-F634-4D1B-A6B0-0D70D79CF992}.Debug|Any CPU.ActiveCfg = Debug|Any CPU
		{3F402F02-F634-4D1B-A6B0-0D70D79CF992}.Debug|Any CPU.Build.0 = Debug|Any CPU
		{3F402F02-F634-4D1B-A6B0-0D70D79CF992}.Release|Any CPU.ActiveCfg = Release|Any CPU
		{3F402F02-F634-4D1B-A6B0-0D70D79CF992}.Release|Any CPU.Build.0 = Release|Any CPU
		{887745C1-B5C2-4BA7-9473-0617C1E5378B}.Debug|Any CPU.ActiveCfg = Debug|Any CPU
		{887745C1-B5C2-4BA7-9473-0617C1E5378B}.Debug|Any CPU.Build.0 = Debug|Any CPU
		{887745C1-B5C2-4BA7-9473-0617C1E5378B}.Release|Any CPU.ActiveCfg = Release|Any CPU
		{887745C1-B5C2-4BA7-9473-0617C1E5378B}.Release|Any CPU.Build.0 = Release|Any CPU
	EndGlobalSection
	GlobalSection(MonoDevelopProperties) = preSolution
		StartupItem = PushSharp.ClientSample.MonoForAndroid\PushSharp.ClientSample.MonoForAndroid.csproj
	EndGlobalSection
EndGlobal
