
Microsoft Visual Studio Solution File, Format Version 11.00
# Visual Studio 2010
Project("{2150E333-8FDC-42A3-9474-1A3956D46DE8}") = "GCM", "GCM", "{F78A1A03-5FE1-4C6A-BB08-ED61494A490F}"
EndProject
Project("{FAE04EC0-301F-11D3-BF4B-00C04F79EFBC}") = "PushSharp.ClientSample.MonoForAndroid.Gcm", "PushSharp.ClientSample.MonoForAndroid.Gcm\PushSharp.ClientSample.MonoForAndroid.Gcm.csproj", "{3F402F02-F634-4D1B-A6B0-0D70D79CF992}"
EndProject
Project("{FAE04EC0-301F-11D3-BF4B-00C04F79EFBC}") = "PushSharp.Client.MonoForAndroid.Gcm", "..\..\PushSharp.Client\PushSharp.Client.MonoForAndroid.Gcm\PushSharp.Client.MonoForAndroid.Gcm.csproj", "{887745C1-B5C2-4BA7-9473-0617C1E5378B}"
EndProject
Project("{2150E333-8FDC-42A3-9474-1A3956D46DE8}") = "C2DM", "C2DM", "{C651BAEB-5BD8-4B51-A882-346FF765D529}"
EndProject
Project("{FAE04EC0-301F-11D3-BF4B-00C04F79EFBC}") = "PushSharp.Client.MonoForAndroid.C2dm", "..\..\PushSharp.Client\PushSharp.Client.MonoForAndroid.C2dm\PushSharp.Client.MonoForAndroid.C2dm.csproj", "{887745C1-B5C2-4BA7-9473-0617C1E5378B}"
EndProject
Project("{FAE04EC0-301F-11D3-BF4B-00C04F79EFBC}") = "PushSharp.ClientSample.MonoForAndroid.C2dm", "PushSharp.ClientSample.MonoForAndroid.C2dm\PushSharp.ClientSample.MonoForAndroid.C2dm.csproj", "{3F402F02-F634-4D1B-A6B0-0D70D79CF992}"
EndProject
Global
	GlobalSection(SolutionConfigurationPlatforms) = preSolution
		Debug|Any CPU = Debug|Any CPU
		Release|Any CPU = Release|Any CPU
	EndGlobalSection
	GlobalSection(ProjectConfigurationPlatforms) = postSolution
		{3F402F02-F634-4D1B-A6B0-0D70D79CF992}.Debug|Any CPU.ActiveCfg = Debug|Any CPU
		{3F402F02-F634-4D1B-A6B0-0D70D79CF992}.Debug|Any CPU.ActiveCfg = Debug|Any CPU
		{3F402F02-F634-4D1B-A6B0-0D70D79CF992}.Debug|Any CPU.Build.0 = Debug|Any CPU
		{3F402F02-F634-4D1B-A6B0-0D70D79CF992}.Debug|Any CPU.Build.0 = Debug|Any CPU
		{3F402F02-F634-4D1B-A6B0-0D70D79CF992}.Release|Any CPU.ActiveCfg = Release|Any CPU
		{3F402F02-F634-4D1B-A6B0-0D70D79CF992}.Release|Any CPU.ActiveCfg = Release|Any CPU
		{3F402F02-F634-4D1B-A6B0-0D70D79CF992}.Release|Any CPU.Build.0 = Release|Any CPU
		{3F402F02-F634-4D1B-A6B0-0D70D79CF992}.Release|Any CPU.Build.0 = Release|Any CPU
		{887745C1-B5C2-4BA7-9473-0617C1E5378B}.Debug|Any CPU.ActiveCfg = Debug|Any CPU
		{887745C1-B5C2-4BA7-9473-0617C1E5378B}.Debug|Any CPU.ActiveCfg = Debug|Any CPU
		{887745C1-B5C2-4BA7-9473-0617C1E5378B}.Debug|Any CPU.Build.0 = Debug|Any CPU
		{887745C1-B5C2-4BA7-9473-0617C1E5378B}.Debug|Any CPU.Build.0 = Debug|Any CPU
		{887745C1-B5C2-4BA7-9473-0617C1E5378B}.Release|Any CPU.ActiveCfg = Release|Any CPU
		{887745C1-B5C2-4BA7-9473-0617C1E5378B}.Release|Any CPU.ActiveCfg = Release|Any CPU
		{887745C1-B5C2-4BA7-9473-0617C1E5378B}.Release|Any CPU.Build.0 = Release|Any CPU
		{887745C1-B5C2-4BA7-9473-0617C1E5378B}.Release|Any CPU.Build.0 = Release|Any CPU
	EndGlobalSection
	GlobalSection(NestedProjects) = preSolution
		{3F402F02-F634-4D1B-A6B0-0D70D79CF992} = {F78A1A03-5FE1-4C6A-BB08-ED61494A490F}
		{887745C1-B5C2-4BA7-9473-0617C1E5378B} = {F78A1A03-5FE1-4C6A-BB08-ED61494A490F}
		{887745C1-B5C2-4BA7-9473-0617C1E5378B} = {C651BAEB-5BD8-4B51-A882-346FF765D529}
		{3F402F02-F634-4D1B-A6B0-0D70D79CF992} = {C651BAEB-5BD8-4B51-A882-346FF765D529}
	EndGlobalSection
	GlobalSection(MonoDevelopProperties) = preSolution
		StartupItem = ..\..\PushSharp.Client\PushSharp.Client.MonoForAndroid.C2dm\PushSharp.Client.MonoForAndroid.C2dm.csproj
	EndGlobalSection
EndGlobal
