
Microsoft Visual Studio Solution File, Format Version 11.00
# Visual Studio 2010
Project("{FAE04EC0-301F-11D3-BF4B-00C04F79EFBC}") = "PushSharp.ClientSample.MonoTouch", "PushSharp.ClientSample.MonoTouch\PushSharp.ClientSample.MonoTouch.csproj", "{1DD88E80-5078-4522-87A5-C8E48AECFC17}"
EndProject
Global
	GlobalSection(SolutionConfigurationPlatforms) = preSolution
		Debug|iPhoneSimulator = Debug|iPhoneSimulator
		Release|iPhoneSimulator = Release|iPhoneSimulator
		Debug|iPhone = Debug|iPhone
		Release|iPhone = Release|iPhone
		Ad-Hoc|iPhone = Ad-Hoc|iPhone
		AppStore|iPhone = AppStore|iPhone
	EndGlobalSection
	GlobalSection(ProjectConfigurationPlatforms) = postSolution
		{1DD88E80-5078-4522-87A5-C8E48AECFC17}.Ad-Hoc|iPhone.ActiveCfg = Ad-Hoc|iPhone
		{1DD88E80-5078-4522-87A5-C8E48AECFC17}.Ad-Hoc|iPhone.Build.0 = Ad-Hoc|iPhone
		{1DD88E80-5078-4522-87A5-C8E48AECFC17}.AppStore|iPhone.ActiveCfg = AppStore|iPhone
		{1DD88E80-5078-4522-87A5-C8E48AECFC17}.AppStore|iPhone.Build.0 = AppStore|iPhone
		{1DD88E80-5078-4522-87A5-C8E48AECFC17}.Debug|iPhone.ActiveCfg = Debug|iPhone
		{1DD88E80-5078-4522-87A5-C8E48AECFC17}.Debug|iPhone.Build.0 = Debug|iPhone
		{1DD88E80-5078-4522-87A5-C8E48AECFC17}.Debug|iPhoneSimulator.ActiveCfg = Debug|iPhoneSimulator
		{1DD88E80-5078-4522-87A5-C8E48AECFC17}.Debug|iPhoneSimulator.Build.0 = Debug|iPhoneSimulator
		{1DD88E80-5078-4522-87A5-C8E48AECFC17}.Release|iPhone.ActiveCfg = Release|iPhone
		{1DD88E80-5078-4522-87A5-C8E48AECFC17}.Release|iPhone.Build.0 = Release|iPhone
		{1DD88E80-5078-4522-87A5-C8E48AECFC17}.Release|iPhoneSimulator.ActiveCfg = Release|iPhoneSimulator
		{1DD88E80-5078-4522-87A5-C8E48AECFC17}.Release|iPhoneSimulator.Build.0 = Release|iPhoneSimulator
	EndGlobalSection
	GlobalSection(MonoDevelopProperties) = preSolution
		StartupItem = PushSharp.ClientSample.MonoTouch\PushSharp.ClientSample.MonoTouch.csproj
	EndGlobalSection
EndGlobal
